<?xml version="1.0" encoding="utf-8"?>
<Project ToolsVersion="4.0" xmlns="http://schemas.microsoft.com/developer/msbuild/2003">
  <ItemGroup>
    <ClCompile Include="main.cpp" />
    <ClCompile Include="Scene\SceneBase.cpp">
      <Filter>Scene</Filter>
    </ClCompile>
    <ClCompile Include="Scene\SceneGame.cpp">
      <Filter>Scene</Filter>
    </ClCompile>
    <ClCompile Include="Scene\SceneManager.cpp">
      <Filter>Scene</Filter>
    </ClCompile>
    <ClCompile Include="Scene\SceneResult.cpp">
      <Filter>Scene</Filter>
    </ClCompile>
    <ClCompile Include="Scene\SceneTitle.cpp">
      <Filter>Scene</Filter>
    </ClCompile>
    <ClCompile Include="Manager\GraphManager.cpp">
      <Filter>Manager</Filter>
    </ClCompile>
    <ClCompile Include="Manager\ModelManager.cpp">
      <Filter>Manager</Filter>
    </ClCompile>
    <ClCompile Include="Manager\ScoreManager.cpp">
      <Filter>Manager</Filter>
    </ClCompile>
    <ClCompile Include="Manager\SoundManager.cpp">
      <Filter>Manager</Filter>
    </ClCompile>
    <ClCompile Include="Util\Input.cpp">
      <Filter>Util</Filter>
    </ClCompile>
    <ClCompile Include="Util\DataLoader.cpp">
      <Filter>Util</Filter>
    </ClCompile>
    <ClCompile Include="UI\MiniMap.cpp">
      <Filter>UI</Filter>
    </ClCompile>
    <ClCompile Include="Object\Stage.cpp">
      <Filter>Object</Filter>
    </ClCompile>
    <ClCompile Include="Object\Player.cpp">
      <Filter>Object</Filter>
    </ClCompile>
    <ClCompile Include="Object\Chest.cpp">
      <Filter>Object</Filter>
    </ClCompile>
  </ItemGroup>
  <ItemGroup>
    <ClInclude Include="Scene\SceneBase.h">
      <Filter>Scene</Filter>
    </ClInclude>
    <ClInclude Include="Scene\SceneGame.h">
      <Filter>Scene</Filter>
    </ClInclude>
    <ClInclude Include="Scene\SceneManager.h">
      <Filter>Scene</Filter>
    </ClInclude>
    <ClInclude Include="Scene\SceneResult.h">
      <Filter>Scene</Filter>
    </ClInclude>
    <ClInclude Include="Scene\SceneTitle.h">
      <Filter>Scene</Filter>
    </ClInclude>
    <ClInclude Include="Manager\GraphManager.h">
      <Filter>Manager</Filter>
    </ClInclude>
    <ClInclude Include="Manager\ModelManager.h">
      <Filter>Manager</Filter>
    </ClInclude>
    <ClInclude Include="Manager\ScoreManager.h">
      <Filter>Manager</Filter>
    </ClInclude>
    <ClInclude Include="Manager\SoundManager.h">
      <Filter>Manager</Filter>
    </ClInclude>
    <ClInclude Include="Util\Input.h">
      <Filter>Util</Filter>
    </ClInclude>
    <ClInclude Include="Util\DataLoader.h">
      <Filter>Util</Filter>
    </ClInclude>
    <ClInclude Include="UI\MiniMap.h">
      <Filter>UI</Filter>
    </ClInclude>
    <ClInclude Include="Object\Stage.h">
      <Filter>Object</Filter>
    </ClInclude>
    <ClInclude Include="Object\Player.h">
      <Filter>Object</Filter>
    </ClInclude>
    <ClInclude Include="Object\Chest.h">
      <Filter>Object</Filter>
    </ClInclude>
  </ItemGroup>
  <ItemGroup>
    <Filter Include="Scene">
      <UniqueIdentifier>{6659d7b3-5072-4514-91d8-255818cb6c08}</UniqueIdentifier>
    </Filter>
    <Filter Include="Manager">
      <UniqueIdentifier>{25100407-7fd0-4b96-8cf9-00219a920980}</UniqueIdentifier>
    </Filter>
    <Filter Include="Util">
      <UniqueIdentifier>{0bddfe0f-0962-4128-ad99-bb944e10c1cd}</UniqueIdentifier>
    </Filter>
    <Filter Include="UI">
      <UniqueIdentifier>{362f6729-dfe3-4a1d-8b92-b901d26fa88b}</UniqueIdentifier>
    </Filter>
    <Filter Include="Object">
      <UniqueIdentifier>{57919e10-44ec-4440-88ed-7a872975d684}</UniqueIdentifier>
    </Filter>
  </ItemGroup>
</Project>